// !$*UTF8*$!
{
	archiveVersion = 1;
	classes = {
	};
	objectVersion = 56;
	objects = {

/* Begin PBXBuildFile section */
		F54B87172BECF7CA00084291 /* littleLemonAppApp.swift in Sources */ = {isa = PBXBuildFile; fileRef = F54B87162BECF7CA00084291 /* littleLemonAppApp.swift */; };
		F54B87192BECF7CA00084291 /* ContentView.swift in Sources */ = {isa = PBXBuildFile; fileRef = F54B87182BECF7CA00084291 /* ContentView.swift */; };
		F54B871B2BECF7CD00084291 /* Assets.xcassets in Resources */ = {isa = PBXBuildFile; fileRef = F54B871A2BECF7CD00084291 /* Assets.xcassets */; };
		F54B871E2BECF7CD00084291 /* Preview Assets.xcassets in Resources */ = {isa = PBXBuildFile; fileRef = F54B871D2BECF7CD00084291 /* Preview Assets.xcassets */; };
		F54B87202BECF7CD00084291 /* Persistence.swift in Sources */ = {isa = PBXBuildFile; fileRef = F54B871F2BECF7CD00084291 /* Persistence.swift */; };
		F54B87232BECF7CD00084291 /* littleLemonApp.xcdatamodeld in Sources */ = {isa = PBXBuildFile; fileRef = F54B87212BECF7CD00084291 /* littleLemonApp.xcdatamodeld */; };
		F54B872D2BECF7CD00084291 /* littleLemonAppTests.swift in Sources */ = {isa = PBXBuildFile; fileRef = F54B872C2BECF7CD00084291 /* littleLemonAppTests.swift */; };
		F54B87372BECF7CD00084291 /* littleLemonAppUITests.swift in Sources */ = {isa = PBXBuildFile; fileRef = F54B87362BECF7CD00084291 /* littleLemonAppUITests.swift */; };
		F54B87392BECF7CD00084291 /* littleLemonAppUITestsLaunchTests.swift in Sources */ = {isa = PBXBuildFile; fileRef = F54B87382BECF7CD00084291 /* littleLemonAppUITestsLaunchTests.swift */; };
/* End PBXBuildFile section */

/* Begin PBXContainerItemProxy section */
		F54B87292BECF7CD00084291 /* PBXContainerItemProxy */ = {
			isa = PBXContainerItemProxy;
			containerPortal = F54B870B2BECF7CA00084291 /* Project object */;
			proxyType = 1;
			remoteGlobalIDString = F54B87122BECF7CA00084291;
			remoteInfo = littleLemonApp;
		};
		F54B87332BECF7CD00084291 /* PBXContainerItemProxy */ = {
			isa = PBXContainerItemProxy;
			containerPortal = F54B870B2BECF7CA00084291 /* Project object */;
			proxyType = 1;
			remoteGlobalIDString = F54B87122BECF7CA00084291;
			remoteInfo = littleLemonApp;
		};
/* End PBXContainerItemProxy section */

/* Begin PBXFileReference section */
		F54B87132BECF7CA00084291 /* littleLemonApp.app */ = {isa = PBXFileReference; explicitFileType = wrapper.application; includeInIndex = 0; path = littleLemonApp.app; sourceTree = BUILT_PRODUCTS_DIR; };
		F54B87162BECF7CA00084291 /* littleLemonAppApp.swift */ = {isa = PBXFileReference; lastKnownFileType = sourcecode.swift; path = littleLemonAppApp.swift; sourceTree = "<group>"; };
		F54B87182BECF7CA00084291 /* ContentView.swift */ = {isa = PBXFileReference; lastKnownFileType = sourcecode.swift; path = ContentView.swift; sourceTree = "<group>"; };
		F54B871A2BECF7CD00084291 /* Assets.xcassets */ = {isa = PBXFileReference; lastKnownFileType = folder.assetcatalog; path = Assets.xcassets; sourceTree = "<group>"; };
		F54B871D2BECF7CD00084291 /* Preview Assets.xcassets */ = {isa = PBXFileReference; lastKnownFileType = folder.assetcatalog; path = "Preview Assets.xcassets"; sourceTree = "<group>"; };
		F54B871F2BECF7CD00084291 /* Persistence.swift */ = {isa = PBXFileReference; lastKnownFileType = sourcecode.swift; path = Persistence.swift; sourceTree = "<group>"; };
		F54B87222BECF7CD00084291 /* littleLemonApp.xcdatamodel */ = {isa = PBXFileReference; lastKnownFileType = wrapper.xcdatamodel; path = littleLemonApp.xcdatamodel; sourceTree = "<group>"; };
		F54B87282BECF7CD00084291 /* littleLemonAppTests.xctest */ = {isa = PBXFileReference; explicitFileType = wrapper.cfbundle; includeInIndex = 0; path = littleLemonAppTests.xctest; sourceTree = BUILT_PRODUCTS_DIR; };
		F54B872C2BECF7CD00084291 /* littleLemonAppTests.swift */ = {isa = PBXFileReference; lastKnownFileType = sourcecode.swift; path = littleLemonAppTests.swift; sourceTree = "<group>"; };
		F54B87322BECF7CD00084291 /* littleLemonAppUITests.xctest */ = {isa = PBXFileReference; explicitFileType = wrapper.cfbundle; includeInIndex = 0; path = littleLemonAppUITests.xctest; sourceTree = BUILT_PRODUCTS_DIR; };
		F54B87362BECF7CD00084291 /* littleLemonAppUITests.swift */ = {isa = PBXFileReference; lastKnownFileType = sourcecode.swift; path = littleLemonAppUITests.swift; sourceTree = "<group>"; };
		F54B87382BECF7CD00084291 /* littleLemonAppUITestsLaunchTests.swift */ = {isa = PBXFileReference; lastKnownFileType = sourcecode.swift; path = littleLemonAppUITestsLaunchTests.swift; sourceTree = "<group>"; };
/* End PBXFileReference section */

/* Begin PBXFrameworksBuildPhase section */
		F54B87102BECF7CA00084291 /* Frameworks */ = {
			isa = PBXFrameworksBuildPhase;
			buildActionMask = 2147483647;
			files = (
			);
			runOnlyForDeploymentPostprocessing = 0;
		};
		F54B87252BECF7CD00084291 /* Frameworks */ = {
			isa = PBXFrameworksBuildPhase;
			buildActionMask = 2147483647;
			files = (
			);
			runOnlyForDeploymentPostprocessing = 0;
		};
		F54B872F2BECF7CD00084291 /* Frameworks */ = {
			isa = PBXFrameworksBuildPhase;
			buildActionMask = 2147483647;
			files = (
			);
			runOnlyForDeploymentPostprocessing = 0;
		};
/* End PBXFrameworksBuildPhase section */

/* Begin PBXGroup section */
		F54B870A2BECF7CA00084291 = {
			isa = PBXGroup;
			children = (
				F54B87152BECF7CA00084291 /* littleLemonApp */,
				F54B872B2BECF7CD00084291 /* littleLemonAppTests */,
				F54B87352BECF7CD00084291 /* littleLemonAppUITests */,
				F54B87142BECF7CA00084291 /* Products */,
			);
			sourceTree = "<group>";
		};
		F54B87142BECF7CA00084291 /* Products */ = {
			isa = PBXGroup;
			children = (
				F54B87132BECF7CA00084291 /* littleLemonApp.app */,
				F54B87282BECF7CD00084291 /* littleLemonAppTests.xctest */,
				F54B87322BECF7CD00084291 /* littleLemonAppUITests.xctest */,
			);
			name = Products;
			sourceTree = "<group>";
		};
		F54B87152BECF7CA00084291 /* littleLemonApp */ = {
			isa = PBXGroup;
			children = (
				F54B87162BECF7CA00084291 /* littleLemonAppApp.swift */,
				F54B87182BECF7CA00084291 /* ContentView.swift */,
				F54B871A2BECF7CD00084291 /* Assets.xcassets */,
				F54B871F2BECF7CD00084291 /* Persistence.swift */,
				F54B87212BECF7CD00084291 /* littleLemonApp.xcdatamodeld */,
				F54B871C2BECF7CD00084291 /* Preview Content */,
			);
			path = littleLemonApp;
			sourceTree = "<group>";
		};
		F54B871C2BECF7CD00084291 /* Preview Content */ = {
			isa = PBXGroup;
			children = (
				F54B871D2BECF7CD00084291 /* Preview Assets.xcassets */,
			);
			path = "Preview Content";
			sourceTree = "<group>";
		};
		F54B872B2BECF7CD00084291 /* littleLemonAppTests */ = {
			isa = PBXGroup;
			children = (
				F54B872C2BECF7CD00084291 /* littleLemonAppTests.swift */,
			);
			path = littleLemonAppTests;
			sourceTree = "<group>";
		};
		F54B87352BECF7CD00084291 /* littleLemonAppUITests */ = {
			isa = PBXGroup;
			children = (
				F54B87362BECF7CD00084291 /* littleLemonAppUITests.swift */,
				F54B87382BECF7CD00084291 /* littleLemonAppUITestsLaunchTests.swift */,
			);
			path = littleLemonAppUITests;
			sourceTree = "<group>";
		};
/* End PBXGroup section */

/* Begin PBXNativeTarget section */
		F54B87122BECF7CA00084291 /* littleLemonApp */ = {
			isa = PBXNativeTarget;
			buildConfigurationList = F54B873C2BECF7CD00084291 /* Build configuration list for PBXNativeTarget "littleLemonApp" */;
			buildPhases = (
				F54B870F2BECF7CA00084291 /* Sources */,
				F54B87102BECF7CA00084291 /* Frameworks */,
				F54B87112BECF7CA00084291 /* Resources */,
			);
			buildRules = (
			);
			dependencies = (
			);
			name = littleLemonApp;
			productName = littleLemonApp;
			productReference = F54B87132BECF7CA00084291 /* littleLemonApp.app */;
			productType = "com.apple.product-type.application";
		};
		F54B87272BECF7CD00084291 /* littleLemonAppTests */ = {
			isa = PBXNativeTarget;
			buildConfigurationList = F54B873F2BECF7CD00084291 /* Build configuration list for PBXNativeTarget "littleLemonAppTests" */;
			buildPhases = (
				F54B87242BECF7CD00084291 /* Sources */,
				F54B87252BECF7CD00084291 /* Frameworks */,
				F54B87262BECF7CD00084291 /* Resources */,
			);
			buildRules = (
			);
			dependencies = (
				F54B872A2BECF7CD00084291 /* PBXTargetDependency */,
			);
			name = littleLemonAppTests;
			productName = littleLemonAppTests;
			productReference = F54B87282BECF7CD00084291 /* littleLemonAppTests.xctest */;
			productType = "com.apple.product-type.bundle.unit-test";
		};
		F54B87312BECF7CD00084291 /* littleLemonAppUITests */ = {
			isa = PBXNativeTarget;
			buildConfigurationList = F54B87422BECF7CD00084291 /* Build configuration list for PBXNativeTarget "littleLemonAppUITests" */;
			buildPhases = (
				F54B872E2BECF7CD00084291 /* Sources */,
				F54B872F2BECF7CD00084291 /* Frameworks */,
				F54B87302BECF7CD00084291 /* Resources */,
			);
			buildRules = (
			);
			dependencies = (
				F54B87342BECF7CD00084291 /* PBXTargetDependency */,
			);
			name = littleLemonAppUITests;
			productName = littleLemonAppUITests;
			productReference = F54B87322BECF7CD00084291 /* littleLemonAppUITests.xctest */;
			productType = "com.apple.product-type.bundle.ui-testing";
		};
/* End PBXNativeTarget section */

/* Begin PBXProject section */
		F54B870B2BECF7CA00084291 /* Project object */ = {
			isa = PBXProject;
			attributes = {
				BuildIndependentTargetsInParallel = 1;
				LastSwiftUpdateCheck = 1530;
				LastUpgradeCheck = 1530;
				TargetAttributes = {
					F54B87122BECF7CA00084291 = {
						CreatedOnToolsVersion = 15.3;
					};
					F54B87272BECF7CD00084291 = {
						CreatedOnToolsVersion = 15.3;
						TestTargetID = F54B87122BECF7CA00084291;
					};
					F54B87312BECF7CD00084291 = {
						CreatedOnToolsVersion = 15.3;
						TestTargetID = F54B87122BECF7CA00084291;
					};
				};
			};
			buildConfigurationList = F54B870E2BECF7CA00084291 /* Build configuration list for PBXProject "littleLemonApp" */;
			compatibilityVersion = "Xcode 14.0";
			developmentRegion = en;
			hasScannedForEncodings = 0;
			knownRegions = (
				en,
				Base,
			);
			mainGroup = F54B870A2BECF7CA00084291;
			productRefGroup = F54B87142BECF7CA00084291 /* Products */;
			projectDirPath = "";
			projectRoot = "";
			targets = (
				F54B87122BECF7CA00084291 /* littleLemonApp */,
				F54B87272BECF7CD00084291 /* littleLemonAppTests */,
				F54B87312BECF7CD00084291 /* littleLemonAppUITests */,
			);
		};
/* End PBXProject section */

/* Begin PBXResourcesBuildPhase section */
		F54B87112BECF7CA00084291 /* Resources */ = {
			isa = PBXResourcesBuildPhase;
			buildActionMask = 2147483647;
			files = (
				F54B871E2BECF7CD00084291 /* Preview Assets.xcassets in Resources */,
				F54B871B2BECF7CD00084291 /* Assets.xcassets in Resources */,
			);
			runOnlyForDeploymentPostprocessing = 0;
		};
		F54B87262BECF7CD00084291 /* Resources */ = {
			isa = PBXResourcesBuildPhase;
			buildActionMask = 2147483647;
			files = (
			);
			runOnlyForDeploymentPostprocessing = 0;
		};
		F54B87302BECF7CD00084291 /* Resources */ = {
			isa = PBXResourcesBuildPhase;
			buildActionMask = 2147483647;
			files = (
			);
			runOnlyForDeploymentPostprocessing = 0;
		};
/* End PBXResourcesBuildPhase section */

/* Begin PBXSourcesBuildPhase section */
		F54B870F2BECF7CA00084291 /* Sources */ = {
			isa = PBXSourcesBuildPhase;
			buildActionMask = 2147483647;
			files = (
				F54B87202BECF7CD00084291 /* Persistence.swift in Sources */,
				F54B87232BECF7CD00084291 /* littleLemonApp.xcdatamodeld in Sources */,
				F54B87192BECF7CA00084291 /* ContentView.swift in Sources */,
				F54B87172BECF7CA00084291 /* littleLemonAppApp.swift in Sources */,
			);
			runOnlyForDeploymentPostprocessing = 0;
		};
		F54B87242BECF7CD00084291 /* Sources */ = {
			isa = PBXSourcesBuildPhase;
			buildActionMask = 2147483647;
			files = (
				F54B872D2BECF7CD00084291 /* littleLemonAppTests.swift in Sources */,
			);
			runOnlyForDeploymentPostprocessing = 0;
		};
		F54B872E2BECF7CD00084291 /* Sources */ = {
			isa = PBXSourcesBuildPhase;
			buildActionMask = 2147483647;
			files = (
				F54B87392BECF7CD00084291 /* littleLemonAppUITestsLaunchTests.swift in Sources */,
				F54B87372BECF7CD00084291 /* littleLemonAppUITests.swift in Sources */,
			);
			runOnlyForDeploymentPostprocessing = 0;
		};
/* End PBXSourcesBuildPhase section */

/* Begin PBXTargetDependency section */
		F54B872A2BECF7CD00084291 /* PBXTargetDependency */ = {
			isa = PBXTargetDependency;
			target = F54B87122BECF7CA00084291 /* littleLemonApp */;
			targetProxy = F54B87292BECF7CD00084291 /* PBXContainerItemProxy */;
		};
		F54B87342BECF7CD00084291 /* PBXTargetDependency */ = {
			isa = PBXTargetDependency;
			target = F54B87122BECF7CA00084291 /* littleLemonApp */;
			targetProxy = F54B87332BECF7CD00084291 /* PBXContainerItemProxy */;
		};
/* End PBXTargetDependency section */

/* Begin XCBuildConfiguration section */
		F54B873A2BECF7CD00084291 /* Debug */ = {
			isa = XCBuildConfiguration;
			buildSettings = {
				ALWAYS_SEARCH_USER_PATHS = NO;
				ASSETCATALOG_COMPILER_GENERATE_SWIFT_ASSET_SYMBOL_EXTENSIONS = YES;
				CLANG_ANALYZER_NONNULL = YES;
				CLANG_ANALYZER_NUMBER_OBJECT_CONVERSION = YES_AGGRESSIVE;
				CLANG_CXX_LANGUAGE_STANDARD = "gnu++20";
				CLANG_ENABLE_MODULES = YES;
				CLANG_ENABLE_OBJC_ARC = YES;
				CLANG_ENABLE_OBJC_WEAK = YES;
				CLANG_WARN_BLOCK_CAPTURE_AUTORELEASING = YES;
				CLANG_WARN_BOOL_CONVERSION = YES;
				CLANG_WARN_COMMA = YES;
				CLANG_WARN_CONSTANT_CONVERSION = YES;
				CLANG_WARN_DEPRECATED_OBJC_IMPLEMENTATIONS = YES;
				CLANG_WARN_DIRECT_OBJC_ISA_USAGE = YES_ERROR;
				CLANG_WARN_DOCUMENTATION_COMMENTS = YES;
				CLANG_WARN_EMPTY_BODY = YES;
				CLANG_WARN_ENUM_CONVERSION = YES;
				CLANG_WARN_INFINITE_RECURSION = YES;
				CLANG_WARN_INT_CONVERSION = YES;
				CLANG_WARN_NON_LITERAL_NULL_CONVERSION = YES;
				CLANG_WARN_OBJC_IMPLICIT_RETAIN_SELF = YES;
				CLANG_WARN_OBJC_LITERAL_CONVERSION = YES;
				CLANG_WARN_OBJC_ROOT_CLASS = YES_ERROR;
				CLANG_WARN_QUOTED_INCLUDE_IN_FRAMEWORK_HEADER = YES;
				CLANG_WARN_RANGE_LOOP_ANALYSIS = YES;
				CLANG_WARN_STRICT_PROTOTYPES = YES;
				CLANG_WARN_SUSPICIOUS_MOVE = YES;
				CLANG_WARN_UNGUARDED_AVAILABILITY = YES_AGGRESSIVE;
				CLANG_WARN_UNREACHABLE_CODE = YES;
				CLANG_WARN__DUPLICATE_METHOD_MATCH = YES;
				COPY_PHASE_STRIP = NO;
				DEBUG_INFORMATION_FORMAT = dwarf;
				ENABLE_STRICT_OBJC_MSGSEND = YES;
				ENABLE_TESTABILITY = YES;
				ENABLE_USER_SCRIPT_SANDBOXING = YES;
				GCC_C_LANGUAGE_STANDARD = gnu17;
				GCC_DYNAMIC_NO_PIC = NO;
				GCC_NO_COMMON_BLOCKS = YES;
				GCC_OPTIMIZATION_LEVEL = 0;
				GCC_PREPROCESSOR_DEFINITIONS = (
					"DEBUG=1",
					"$(inherited)",
				);
				GCC_WARN_64_TO_32_BIT_CONVERSION = YES;
				GCC_WARN_ABOUT_RETURN_TYPE = YES_ERROR;
				GCC_WARN_UNDECLARED_SELECTOR = YES;
				GCC_WARN_UNINITIALIZED_AUTOS = YES_AGGRESSIVE;
				GCC_WARN_UNUSED_FUNCTION = YES;
				GCC_WARN_UNUSED_VARIABLE = YES;
				IPHONEOS_DEPLOYMENT_TARGET = 17.4;
				LOCALIZATION_PREFERS_STRING_CATALOGS = YES;
				MTL_ENABLE_DEBUG_INFO = INCLUDE_SOURCE;
				MTL_FAST_MATH = YES;
				ONLY_ACTIVE_ARCH = YES;
				SDKROOT = iphoneos;
				SWIFT_ACTIVE_COMPILATION_CONDITIONS = "DEBUG $(inherited)";
				SWIFT_OPTIMIZATION_LEVEL = "-Onone";
			};
			name = Debug;
		};
		F54B873B2BECF7CD00084291 /* Release */ = {
			isa = XCBuildConfiguration;
			buildSettings = {
				ALWAYS_SEARCH_USER_PATHS = NO;
				ASSETCATALOG_COMPILER_GENERATE_SWIFT_ASSET_SYMBOL_EXTENSIONS = YES;
				CLANG_ANALYZER_NONNULL = YES;
				CLANG_ANALYZER_NUMBER_OBJECT_CONVERSION = YES_AGGRESSIVE;
				CLANG_CXX_LANGUAGE_STANDARD = "gnu++20";
				CLANG_ENABLE_MODULES = YES;
				CLANG_ENABLE_OBJC_ARC = YES;
				CLANG_ENABLE_OBJC_WEAK = YES;
				CLANG_WARN_BLOCK_CAPTURE_AUTORELEASING = YES;
				CLANG_WARN_BOOL_CONVERSION = YES;
				CLANG_WARN_COMMA = YES;
				CLANG_WARN_CONSTANT_CONVERSION = YES;
				CLANG_WARN_DEPRECATED_OBJC_IMPLEMENTATIONS = YES;
				CLANG_WARN_DIRECT_OBJC_ISA_USAGE = YES_ERROR;
				CLANG_WARN_DOCUMENTATION_COMMENTS = YES;
				CLANG_WARN_EMPTY_BODY = YES;
				CLANG_WARN_ENUM_CONVERSION = YES;
				CLANG_WARN_INFINITE_RECURSION = YES;
				CLANG_WARN_INT_CONVERSION = YES;
				CLANG_WARN_NON_LITERAL_NULL_CONVERSION = YES;
				CLANG_WARN_OBJC_IMPLICIT_RETAIN_SELF = YES;
				CLANG_WARN_OBJC_LITERAL_CONVERSION = YES;
				CLANG_WARN_OBJC_ROOT_CLASS = YES_ERROR;
				CLANG_WARN_QUOTED_INCLUDE_IN_FRAMEWORK_HEADER = YES;
				CLANG_WARN_RANGE_LOOP_ANALYSIS = YES;
				CLANG_WARN_STRICT_PROTOTYPES = YES;
				CLANG_WARN_SUSPICIOUS_MOVE = YES;
				CLANG_WARN_UNGUARDED_AVAILABILITY = YES_AGGRESSIVE;
				CLANG_WARN_UNREACHABLE_CODE = YES;
				CLANG_WARN__DUPLICATE_METHOD_MATCH = YES;
				COPY_PHASE_STRIP = NO;
				DEBUG_INFORMATION_FORMAT = "dwarf-with-dsym";
				ENABLE_NS_ASSERTIONS = NO;
				ENABLE_STRICT_OBJC_MSGSEND = YES;
				ENABLE_USER_SCRIPT_SANDBOXING = YES;
				GCC_C_LANGUAGE_STANDARD = gnu17;
				GCC_NO_COMMON_BLOCKS = YES;
				GCC_WARN_64_TO_32_BIT_CONVERSION = YES;
				GCC_WARN_ABOUT_RETURN_TYPE = YES_ERROR;
				GCC_WARN_UNDECLARED_SELECTOR = YES;
				GCC_WARN_UNINITIALIZED_AUTOS = YES_AGGRESSIVE;
				GCC_WARN_UNUSED_FUNCTION = YES;
				GCC_WARN_UNUSED_VARIABLE = YES;
				IPHONEOS_DEPLOYMENT_TARGET = 17.4;
				LOCALIZATION_PREFERS_STRING_CATALOGS = YES;
				MTL_ENABLE_DEBUG_INFO = NO;
				MTL_FAST_MATH = YES;
				SDKROOT = iphoneos;
				SWIFT_COMPILATION_MODE = wholemodule;
				VALIDATE_PRODUCT = YES;
			};
			name = Release;
		};
		F54B873D2BECF7CD00084291 /* Debug */ = {
			isa = XCBuildConfiguration;
			buildSettings = {
				ASSETCATALOG_COMPILER_APPICON_NAME = AppIcon;
				ASSETCATALOG_COMPILER_GLOBAL_ACCENT_COLOR_NAME = AccentColor;
				CODE_SIGN_STYLE = Automatic;
				CURRENT_PROJECT_VERSION = 1;
				DEVELOPMENT_ASSET_PATHS = "\"littleLemonApp/Preview Content\"";
				ENABLE_PREVIEWS = YES;
				GENERATE_INFOPLIST_FILE = YES;
				INFOPLIST_KEY_UIApplicationSceneManifest_Generation = YES;
				INFOPLIST_KEY_UIApplicationSupportsIndirectInputEvents = YES;
				INFOPLIST_KEY_UILaunchScreen_Generation = YES;
				INFOPLIST_KEY_UISupportedInterfaceOrientations_iPad = "UIInterfaceOrientationPortrait UIInterfaceOrientationPortraitUpsideDown UIInterfaceOrientationLandscapeLeft UIInterfaceOrientationLandscapeRight";
				INFOPLIST_KEY_UISupportedInterfaceOrientations_iPhone = "UIInterfaceOrientationPortrait UIInterfaceOrientationLandscapeLeft UIInterfaceOrientationLandscapeRight";
				LD_RUNPATH_SEARCH_PATHS = (
					"$(inherited)",
					"@executable_path/Frameworks",
				);
				MARKETING_VERSION = 1.0;
				PRODUCT_BUNDLE_IDENTIFIER = conan.littleLemonApp;
				PRODUCT_NAME = "$(TARGET_NAME)";
				SWIFT_EMIT_LOC_STRINGS = YES;
				SWIFT_VERSION = 5.0;
				TARGETED_DEVICE_FAMILY = "1,2";
			};
			name = Debug;
		};
		F54B873E2BECF7CD00084291 /* Release */ = {
			isa = XCBuildConfiguration;
			buildSettings = {
				ASSETCATALOG_COMPILER_APPICON_NAME = AppIcon;
				ASSETCATALOG_COMPILER_GLOBAL_ACCENT_COLOR_NAME = AccentColor;
				CODE_SIGN_STYLE = Automatic;
				CURRENT_PROJECT_VERSION = 1;
				DEVELOPMENT_ASSET_PATHS = "\"littleLemonApp/Preview Content\"";
				ENABLE_PREVIEWS = YES;
				GENERATE_INFOPLIST_FILE = YES;
				INFOPLIST_KEY_UIApplicationSceneManifest_Generation = YES;
				INFOPLIST_KEY_UIApplicationSupportsIndirectInputEvents = YES;
				INFOPLIST_KEY_UILaunchScreen_Generation = YES;
				INFOPLIST_KEY_UISupportedInterfaceOrientations_iPad = "UIInterfaceOrientationPortrait UIInterfaceOrientationPortraitUpsideDown UIInterfaceOrientationLandscapeLeft UIInterfaceOrientationLandscapeRight";
				INFOPLIST_KEY_UISupportedInterfaceOrientations_iPhone = "UIInterfaceOrientationPortrait UIInterfaceOrientationLandscapeLeft UIInterfaceOrientationLandscapeRight";
				LD_RUNPATH_SEARCH_PATHS = (
					"$(inherited)",
					"@executable_path/Frameworks",
				);
				MARKETING_VERSION = 1.0;
				PRODUCT_BUNDLE_IDENTIFIER = conan.littleLemonApp;
				PRODUCT_NAME = "$(TARGET_NAME)";
				SWIFT_EMIT_LOC_STRINGS = YES;
				SWIFT_VERSION = 5.0;
				TARGETED_DEVICE_FAMILY = "1,2";
			};
			name = Release;
		};
		F54B87402BECF7CD00084291 /* Debug */ = {
			isa = XCBuildConfiguration;
			buildSettings = {
				ALWAYS_EMBED_SWIFT_STANDARD_LIBRARIES = YES;
				BUNDLE_LOADER = "$(TEST_HOST)";
				CODE_SIGN_STYLE = Automatic;
				CURRENT_PROJECT_VERSION = 1;
				GENERATE_INFOPLIST_FILE = YES;
				IPHONEOS_DEPLOYMENT_TARGET = 17.4;
				MARKETING_VERSION = 1.0;
				PRODUCT_BUNDLE_IDENTIFIER = conan.littleLemonAppTests;
				PRODUCT_NAME = "$(TARGET_NAME)";
				SWIFT_EMIT_LOC_STRINGS = NO;
				SWIFT_VERSION = 5.0;
				TARGETED_DEVICE_FAMILY = "1,2";
				TEST_HOST = "$(BUILT_PRODUCTS_DIR)/littleLemonApp.app/$(BUNDLE_EXECUTABLE_FOLDER_PATH)/littleLemonApp";
			};
			name = Debug;
		};
		F54B87412BECF7CD00084291 /* Release */ = {
			isa = XCBuildConfiguration;
			buildSettings = {
				ALWAYS_EMBED_SWIFT_STANDARD_LIBRARIES = YES;
				BUNDLE_LOADER = "$(TEST_HOST)";
				CODE_SIGN_STYLE = Automatic;
				CURRENT_PROJECT_VERSION = 1;
				GENERATE_INFOPLIST_FILE = YES;
				IPHONEOS_DEPLOYMENT_TARGET = 17.4;
				MARKETING_VERSION = 1.0;
				PRODUCT_BUNDLE_IDENTIFIER = conan.littleLemonAppTests;
				PRODUCT_NAME = "$(TARGET_NAME)";
				SWIFT_EMIT_LOC_STRINGS = NO;
				SWIFT_VERSION = 5.0;
				TARGETED_DEVICE_FAMILY = "1,2";
				TEST_HOST = "$(BUILT_PRODUCTS_DIR)/littleLemonApp.app/$(BUNDLE_EXECUTABLE_FOLDER_PATH)/littleLemonApp";
			};
			name = Release;
		};
		F54B87432BECF7CD00084291 /* Debug */ = {
			isa = XCBuildConfiguration;
			buildSettings = {
				ALWAYS_EMBED_SWIFT_STANDARD_LIBRARIES = YES;
				CODE_SIGN_STYLE = Automatic;
				CURRENT_PROJECT_VERSION = 1;
				GENERATE_INFOPLIST_FILE = YES;
				MARKETING_VERSION = 1.0;
				PRODUCT_BUNDLE_IDENTIFIER = conan.littleLemonAppUITests;
				PRODUCT_NAME = "$(TARGET_NAME)";
				SWIFT_EMIT_LOC_STRINGS = NO;
				SWIFT_VERSION = 5.0;
				TARGETED_DEVICE_FAMILY = "1,2";
				TEST_TARGET_NAME = littleLemonApp;
			};
			name = Debug;
		};
		F54B87442BECF7CD00084291 /* Release */ = {
			isa = XCBuildConfiguration;
			buildSettings = {
				ALWAYS_EMBED_SWIFT_STANDARD_LIBRARIES = YES;
				CODE_SIGN_STYLE = Automatic;
				CURRENT_PROJECT_VERSION = 1;
				GENERATE_INFOPLIST_FILE = YES;
				MARKETING_VERSION = 1.0;
				PRODUCT_BUNDLE_IDENTIFIER = conan.littleLemonAppUITests;
				PRODUCT_NAME = "$(TARGET_NAME)";
				SWIFT_EMIT_LOC_STRINGS = NO;
				SWIFT_VERSION = 5.0;
				TARGETED_DEVICE_FAMILY = "1,2";
				TEST_TARGET_NAME = littleLemonApp;
			};
			name = Release;
		};
/* End XCBuildConfiguration section */

/* Begin XCConfigurationList section */
		F54B870E2BECF7CA00084291 /* Build configuration list for PBXProject "littleLemonApp" */ = {
			isa = XCConfigurationList;
			buildConfigurations = (
				F54B873A2BECF7CD00084291 /* Debug */,
				F54B873B2BECF7CD00084291 /* Release */,
			);
			defaultConfigurationIsVisible = 0;
			defaultConfigurationName = Release;
		};
		F54B873C2BECF7CD00084291 /* Build configuration list for PBXNativeTarget "littleLemonApp" */ = {
			isa = XCConfigurationList;
			buildConfigurations = (
				F54B873D2BECF7CD00084291 /* Debug */,
				F54B873E2BECF7CD00084291 /* Release */,
			);
			defaultConfigurationIsVisible = 0;
			defaultConfigurationName = Release;
		};
		F54B873F2BECF7CD00084291 /* Build configuration list for PBXNativeTarget "littleLemonAppTests" */ = {
			isa = XCConfigurationList;
			buildConfigurations = (
				F54B87402BECF7CD00084291 /* Debug */,
				F54B87412BECF7CD00084291 /* Release */,
			);
			defaultConfigurationIsVisible = 0;
			defaultConfigurationName = Release;
		};
		F54B87422BECF7CD00084291 /* Build configuration list for PBXNativeTarget "littleLemonAppUITests" */ = {
			isa = XCConfigurationList;
			buildConfigurations = (
				F54B87432BECF7CD00084291 /* Debug */,
				F54B87442BECF7CD00084291 /* Release */,
			);
			defaultConfigurationIsVisible = 0;
			defaultConfigurationName = Release;
		};
/* End XCConfigurationList section */

/* Begin XCVersionGroup section */
		F54B87212BECF7CD00084291 /* littleLemonApp.xcdatamodeld */ = {
			isa = XCVersionGroup;
			children = (
				F54B87222BECF7CD00084291 /* littleLemonApp.xcdatamodel */,
			);
			currentVersion = F54B87222BECF7CD00084291 /* littleLemonApp.xcdatamodel */;
			path = littleLemonApp.xcdatamodeld;
			sourceTree = "<group>";
			versionGroupType = wrapper.xcdatamodel;
		};
/* End XCVersionGroup section */
	};
	rootObject = F54B870B2BECF7CA00084291 /* Project object */;
}
